// !$*UTF8*$!
{
	archiveVersion = 1;
	classes = {
	};
	objectVersion = 56;
	objects = {

/* Begin PBXBuildFile section */
		4F7489BD2B4B3BF8004D0E21 /* XCTestCase+MemoryLeakTracking.swift in Sources */ = {isa = PBXBuildFile; fileRef = 4F7489BC2B4B3BF8004D0E21 /* XCTestCase+MemoryLeakTracking.swift */; };
		4F7489BF2B4B3C71004D0E21 /* SharedTestHelpers.swift in Sources */ = {isa = PBXBuildFile; fileRef = 4F7489BE2B4B3C71004D0E21 /* SharedTestHelpers.swift */; };
		4F8FF5532B48B33A00599BDD /* AppDelegate.swift in Sources */ = {isa = PBXBuildFile; fileRef = 4F8FF5522B48B33A00599BDD /* AppDelegate.swift */; };
		4F8FF5552B48B33A00599BDD /* SceneDelegate.swift in Sources */ = {isa = PBXBuildFile; fileRef = 4F8FF5542B48B33A00599BDD /* SceneDelegate.swift */; };
		4F8FF55C2B48B33C00599BDD /* Assets.xcassets in Resources */ = {isa = PBXBuildFile; fileRef = 4F8FF55B2B48B33C00599BDD /* Assets.xcassets */; };
		4F8FF55F2B48B33C00599BDD /* LaunchScreen.storyboard in Resources */ = {isa = PBXBuildFile; fileRef = 4F8FF55D2B48B33C00599BDD /* LaunchScreen.storyboard */; };
		4F8FF5842B48B6CA00599BDD /* EssentialFeed_2023.framework in Frameworks */ = {isa = PBXBuildFile; fileRef = 4F8FF5832B48B6CA00599BDD /* EssentialFeed_2023.framework */; };
		4F8FF5852B48B6CA00599BDD /* EssentialFeed_2023.framework in Embed Frameworks */ = {isa = PBXBuildFile; fileRef = 4F8FF5832B48B6CA00599BDD /* EssentialFeed_2023.framework */; settings = {ATTRIBUTES = (CodeSignOnCopy, RemoveHeadersOnCopy, ); }; };
		4F8FF5882B48B6D000599BDD /* EssentialFeed_2023iOS.framework in Frameworks */ = {isa = PBXBuildFile; fileRef = 4F8FF5872B48B6D000599BDD /* EssentialFeed_2023iOS.framework */; };
		4F8FF5892B48B6D000599BDD /* EssentialFeed_2023iOS.framework in Embed Frameworks */ = {isa = PBXBuildFile; fileRef = 4F8FF5872B48B6D000599BDD /* EssentialFeed_2023iOS.framework */; settings = {ATTRIBUTES = (CodeSignOnCopy, RemoveHeadersOnCopy, ); }; };
		B40CFB372B52D5FB00055DFE /* HTTPClientStub.swift in Sources */ = {isa = PBXBuildFile; fileRef = B40CFB362B52D5FB00055DFE /* HTTPClientStub.swift */; };
		B40CFB392B52D66600055DFE /* InMemoryFeedStore.swift in Sources */ = {isa = PBXBuildFile; fileRef = B40CFB382B52D66600055DFE /* InMemoryFeedStore.swift */; };
		B43ADFE72B7D229D00C8033C /* CommentsUIIntegrationTests.swift in Sources */ = {isa = PBXBuildFile; fileRef = B43ADFE62B7D229D00C8033C /* CommentsUIIntegrationTests.swift */; };
		B43ADFE92B7D24A400C8033C /* CommentsUIComposer.swift in Sources */ = {isa = PBXBuildFile; fileRef = B43ADFE82B7D24A400C8033C /* CommentsUIComposer.swift */; };
		B450B15B2B4D9C2300E5A06C /* EssentialAppTests.xctestplan in Resources */ = {isa = PBXBuildFile; fileRef = B450B1592B4D9C2300E5A06C /* EssentialAppTests.xctestplan */; };
		B450B15C2B4D9C2300E5A06C /* EssentialApp.xctestplan in Resources */ = {isa = PBXBuildFile; fileRef = B450B15A2B4D9C2300E5A06C /* EssentialApp.xctestplan */; };
		B45189362B908CA200187A03 /* NullStore.swift in Sources */ = {isa = PBXBuildFile; fileRef = B45189352B908CA200187A03 /* NullStore.swift */; };
		B4606D152B56C4A0006FA124 /* UIView+TestHelpers.swift .swift in Sources */ = {isa = PBXBuildFile; fileRef = B4606D142B56C4A0006FA124 /* UIView+TestHelpers.swift .swift */; };
		B469C0F72B5BFE4300FE2437 /* CombineHelpers.swift in Sources */ = {isa = PBXBuildFile; fileRef = B469C0F62B5BFE4300FE2437 /* CombineHelpers.swift */; };
		B4D7F9FF2B51516D00900E2E /* SceneDelegateTests.swift in Sources */ = {isa = PBXBuildFile; fileRef = B4D7F9FE2B51516D00900E2E /* SceneDelegateTests.swift */; };
		B4D7FA072B516F5E00900E2E /* WeakRefVirtualProxy.swift in Sources */ = {isa = PBXBuildFile; fileRef = B4D7FA042B516F5E00900E2E /* WeakRefVirtualProxy.swift */; };
		B4D7FA082B516F5E00900E2E /* LoadResourcePresentationAdapter.swift in Sources */ = {isa = PBXBuildFile; fileRef = B4D7FA002B516F5E00900E2E /* LoadResourcePresentationAdapter.swift */; };
		B4D7FA0A2B516F5E00900E2E /* FeedViewAdapter.swift in Sources */ = {isa = PBXBuildFile; fileRef = B4D7FA052B516F5E00900E2E /* FeedViewAdapter.swift */; };
		B4D7FA0B2B516F5E00900E2E /* FeedUIComposer.swift in Sources */ = {isa = PBXBuildFile; fileRef = B4D7FA012B516F5E00900E2E /* FeedUIComposer.swift */; };
		B4D7FA152B516F8700900E2E /* FeedImageCell+TestHelpers.swift in Sources */ = {isa = PBXBuildFile; fileRef = B4D7FA132B516F8700900E2E /* FeedImageCell+TestHelpers.swift */; };
		B4D7FA162B516F8700900E2E /* UIControl+TestHelpers.swift in Sources */ = {isa = PBXBuildFile; fileRef = B4D7FA142B516F8700900E2E /* UIControl+TestHelpers.swift */; };
		B4D7FA172B516F8700900E2E /* UIRefreshControl+TestHelpers.swift in Sources */ = {isa = PBXBuildFile; fileRef = B4D7FA0F2B516F8600900E2E /* UIRefreshControl+TestHelpers.swift */; };
		B4D7FA182B516F8700900E2E /* FeedViewControllerTests+LoaderSpy.swift in Sources */ = {isa = PBXBuildFile; fileRef = B4D7FA0D2B516F8600900E2E /* FeedViewControllerTests+LoaderSpy.swift */; };
		B4D7FA192B516F8700900E2E /* FeedViewComtrollerTests+Assertions.swift in Sources */ = {isa = PBXBuildFile; fileRef = B4D7FA112B516F8600900E2E /* FeedViewComtrollerTests+Assertions.swift */; };
		B4D7FA1A2B516F8700900E2E /* UIImage+TestHelpers.swift in Sources */ = {isa = PBXBuildFile; fileRef = B4D7FA0C2B516F8600900E2E /* UIImage+TestHelpers.swift */; };
		B4D7FA1B2B516F8700900E2E /* FeedViewController+TestHelpers.swift in Sources */ = {isa = PBXBuildFile; fileRef = B4D7FA0E2B516F8600900E2E /* FeedViewController+TestHelpers.swift */; };
		B4D7FA1C2B516F8700900E2E /* UIButton+TestHelpers.swift in Sources */ = {isa = PBXBuildFile; fileRef = B4D7FA122B516F8600900E2E /* UIButton+TestHelpers.swift */; };
		B4D7FA1F2B516FB100900E2E /* FeedUIIntegrationTests.swift in Sources */ = {isa = PBXBuildFile; fileRef = B4D7FA1E2B516FB100900E2E /* FeedUIIntegrationTests.swift */; };
		B4D7FA212B51729700900E2E /* FeedAcceptanceTests.swift in Sources */ = {isa = PBXBuildFile; fileRef = B4D7FA202B51729700900E2E /* FeedAcceptanceTests.swift */; };
		B4F2056E2B4E8B4C00C1D37E /* FeedImageDataLoaderSpy.swift in Sources */ = {isa = PBXBuildFile; fileRef = B4F2056D2B4E8B4C00C1D37E /* FeedImageDataLoaderSpy.swift */; };
		B4F205702B4E8DDC00C1D37E /* XCTestCase+FeedImageDataLoader.swift in Sources */ = {isa = PBXBuildFile; fileRef = B4F2056F2B4E8DDB00C1D37E /* XCTestCase+FeedImageDataLoader.swift */; };
/* End PBXBuildFile section */

/* Begin PBXContainerItemProxy section */
		4F8FF5662B48B33C00599BDD /* PBXContainerItemProxy */ = {
			isa = PBXContainerItemProxy;
			containerPortal = 4F8FF5472B48B33A00599BDD /* Project object */;
			proxyType = 1;
			remoteGlobalIDString = 4F8FF54E2B48B33A00599BDD;
			remoteInfo = EssentialApp;
		};
/* End PBXContainerItemProxy section */

/* Begin PBXCopyFilesBuildPhase section */
		4F8FF5862B48B6CB00599BDD /* Embed Frameworks */ = {
			isa = PBXCopyFilesBuildPhase;
			buildActionMask = 2147483647;
			dstPath = "";
			dstSubfolderSpec = 10;
			files = (
				4F8FF5892B48B6D000599BDD /* EssentialFeed_2023iOS.framework in Embed Frameworks */,
				4F8FF5852B48B6CA00599BDD /* EssentialFeed_2023.framework in Embed Frameworks */,
			);
			name = "Embed Frameworks";
			runOnlyForDeploymentPostprocessing = 0;
		};
/* End PBXCopyFilesBuildPhase section */

/* Begin PBXFileReference section */
		4F7489BC2B4B3BF8004D0E21 /* XCTestCase+MemoryLeakTracking.swift */ = {isa = PBXFileReference; lastKnownFileType = sourcecode.swift; path = "XCTestCase+MemoryLeakTracking.swift"; sourceTree = "<group>"; };
		4F7489BE2B4B3C71004D0E21 /* SharedTestHelpers.swift */ = {isa = PBXFileReference; lastKnownFileType = sourcecode.swift; path = SharedTestHelpers.swift; sourceTree = "<group>"; };
		4F8FF54F2B48B33A00599BDD /* EssentialApp.app */ = {isa = PBXFileReference; explicitFileType = wrapper.application; includeInIndex = 0; path = EssentialApp.app; sourceTree = BUILT_PRODUCTS_DIR; };
		4F8FF5522B48B33A00599BDD /* AppDelegate.swift */ = {isa = PBXFileReference; lastKnownFileType = sourcecode.swift; path = AppDelegate.swift; sourceTree = "<group>"; };
		4F8FF5542B48B33A00599BDD /* SceneDelegate.swift */ = {isa = PBXFileReference; lastKnownFileType = sourcecode.swift; path = SceneDelegate.swift; sourceTree = "<group>"; };
		4F8FF55B2B48B33C00599BDD /* Assets.xcassets */ = {isa = PBXFileReference; lastKnownFileType = folder.assetcatalog; path = Assets.xcassets; sourceTree = "<group>"; };
		4F8FF55E2B48B33C00599BDD /* Base */ = {isa = PBXFileReference; lastKnownFileType = file.storyboard; name = Base; path = Base.lproj/LaunchScreen.storyboard; sourceTree = "<group>"; };
		4F8FF5602B48B33C00599BDD /* Info.plist */ = {isa = PBXFileReference; lastKnownFileType = text.plist.xml; path = Info.plist; sourceTree = "<group>"; };
		4F8FF5652B48B33C00599BDD /* EssentialAppTests.xctest */ = {isa = PBXFileReference; explicitFileType = wrapper.cfbundle; includeInIndex = 0; path = EssentialAppTests.xctest; sourceTree = BUILT_PRODUCTS_DIR; };
		4F8FF5832B48B6CA00599BDD /* EssentialFeed_2023.framework */ = {isa = PBXFileReference; explicitFileType = wrapper.framework; path = EssentialFeed_2023.framework; sourceTree = BUILT_PRODUCTS_DIR; };
		4F8FF5872B48B6D000599BDD /* EssentialFeed_2023iOS.framework */ = {isa = PBXFileReference; explicitFileType = wrapper.framework; path = EssentialFeed_2023iOS.framework; sourceTree = BUILT_PRODUCTS_DIR; };
		B40CFB362B52D5FB00055DFE /* HTTPClientStub.swift */ = {isa = PBXFileReference; lastKnownFileType = sourcecode.swift; path = HTTPClientStub.swift; sourceTree = "<group>"; };
		B40CFB382B52D66600055DFE /* InMemoryFeedStore.swift */ = {isa = PBXFileReference; lastKnownFileType = sourcecode.swift; path = InMemoryFeedStore.swift; sourceTree = "<group>"; };
		B43ADFE62B7D229D00C8033C /* CommentsUIIntegrationTests.swift */ = {isa = PBXFileReference; lastKnownFileType = sourcecode.swift; path = CommentsUIIntegrationTests.swift; sourceTree = "<group>"; };
		B43ADFE82B7D24A400C8033C /* CommentsUIComposer.swift */ = {isa = PBXFileReference; lastKnownFileType = sourcecode.swift; path = CommentsUIComposer.swift; sourceTree = "<group>"; };
		B450B1592B4D9C2300E5A06C /* EssentialAppTests.xctestplan */ = {isa = PBXFileReference; fileEncoding = 4; lastKnownFileType = text; name = EssentialAppTests.xctestplan; path = XctestplansForEssentialApp/EssentialAppTests.xctestplan; sourceTree = "<group>"; };
		B450B15A2B4D9C2300E5A06C /* EssentialApp.xctestplan */ = {isa = PBXFileReference; fileEncoding = 4; lastKnownFileType = text; name = EssentialApp.xctestplan; path = XctestplansForEssentialApp/EssentialApp.xctestplan; sourceTree = "<group>"; };
		B45189352B908CA200187A03 /* NullStore.swift */ = {isa = PBXFileReference; lastKnownFileType = sourcecode.swift; path = NullStore.swift; sourceTree = "<group>"; };
		B4606D142B56C4A0006FA124 /* UIView+TestHelpers.swift .swift */ = {isa = PBXFileReference; lastKnownFileType = sourcecode.swift; path = "UIView+TestHelpers.swift .swift"; sourceTree = "<group>"; };
		B469C0F62B5BFE4300FE2437 /* CombineHelpers.swift */ = {isa = PBXFileReference; lastKnownFileType = sourcecode.swift; path = CombineHelpers.swift; sourceTree = "<group>"; };
		B4D7F9FE2B51516D00900E2E /* SceneDelegateTests.swift */ = {isa = PBXFileReference; lastKnownFileType = sourcecode.swift; path = SceneDelegateTests.swift; sourceTree = "<group>"; };
		B4D7FA002B516F5E00900E2E /* LoadResourcePresentationAdapter.swift */ = {isa = PBXFileReference; lastKnownFileType = sourcecode.swift; path = LoadResourcePresentationAdapter.swift; sourceTree = "<group>"; };
		B4D7FA012B516F5E00900E2E /* FeedUIComposer.swift */ = {isa = PBXFileReference; lastKnownFileType = sourcecode.swift; path = FeedUIComposer.swift; sourceTree = "<group>"; };
		B4D7FA042B516F5E00900E2E /* WeakRefVirtualProxy.swift */ = {isa = PBXFileReference; lastKnownFileType = sourcecode.swift; path = WeakRefVirtualProxy.swift; sourceTree = "<group>"; };
		B4D7FA052B516F5E00900E2E /* FeedViewAdapter.swift */ = {isa = PBXFileReference; lastKnownFileType = sourcecode.swift; path = FeedViewAdapter.swift; sourceTree = "<group>"; };
		B4D7FA0C2B516F8600900E2E /* UIImage+TestHelpers.swift */ = {isa = PBXFileReference; lastKnownFileType = sourcecode.swift; path = "UIImage+TestHelpers.swift"; sourceTree = "<group>"; };
		B4D7FA0D2B516F8600900E2E /* FeedViewControllerTests+LoaderSpy.swift */ = {isa = PBXFileReference; lastKnownFileType = sourcecode.swift; path = "FeedViewControllerTests+LoaderSpy.swift"; sourceTree = "<group>"; };
		B4D7FA0E2B516F8600900E2E /* FeedViewController+TestHelpers.swift */ = {isa = PBXFileReference; lastKnownFileType = sourcecode.swift; path = "FeedViewController+TestHelpers.swift"; sourceTree = "<group>"; };
		B4D7FA0F2B516F8600900E2E /* UIRefreshControl+TestHelpers.swift */ = {isa = PBXFileReference; lastKnownFileType = sourcecode.swift; path = "UIRefreshControl+TestHelpers.swift"; sourceTree = "<group>"; };
		B4D7FA112B516F8600900E2E /* FeedViewComtrollerTests+Assertions.swift */ = {isa = PBXFileReference; lastKnownFileType = sourcecode.swift; path = "FeedViewComtrollerTests+Assertions.swift"; sourceTree = "<group>"; };
		B4D7FA122B516F8600900E2E /* UIButton+TestHelpers.swift */ = {isa = PBXFileReference; lastKnownFileType = sourcecode.swift; path = "UIButton+TestHelpers.swift"; sourceTree = "<group>"; };
		B4D7FA132B516F8700900E2E /* FeedImageCell+TestHelpers.swift */ = {isa = PBXFileReference; lastKnownFileType = sourcecode.swift; path = "FeedImageCell+TestHelpers.swift"; sourceTree = "<group>"; };
		B4D7FA142B516F8700900E2E /* UIControl+TestHelpers.swift */ = {isa = PBXFileReference; lastKnownFileType = sourcecode.swift; path = "UIControl+TestHelpers.swift"; sourceTree = "<group>"; };
		B4D7FA1E2B516FB100900E2E /* FeedUIIntegrationTests.swift */ = {isa = PBXFileReference; lastKnownFileType = sourcecode.swift; path = FeedUIIntegrationTests.swift; sourceTree = "<group>"; };
		B4D7FA202B51729700900E2E /* FeedAcceptanceTests.swift */ = {isa = PBXFileReference; lastKnownFileType = sourcecode.swift; path = FeedAcceptanceTests.swift; sourceTree = "<group>"; };
		B4F2056D2B4E8B4C00C1D37E /* FeedImageDataLoaderSpy.swift */ = {isa = PBXFileReference; lastKnownFileType = sourcecode.swift; path = FeedImageDataLoaderSpy.swift; sourceTree = "<group>"; };
		B4F2056F2B4E8DDB00C1D37E /* XCTestCase+FeedImageDataLoader.swift */ = {isa = PBXFileReference; lastKnownFileType = sourcecode.swift; path = "XCTestCase+FeedImageDataLoader.swift"; sourceTree = "<group>"; };
/* End PBXFileReference section */

/* Begin PBXFrameworksBuildPhase section */
		4F8FF54C2B48B33A00599BDD /* Frameworks */ = {
			isa = PBXFrameworksBuildPhase;
			buildActionMask = 2147483647;
			files = (
				4F8FF5882B48B6D000599BDD /* EssentialFeed_2023iOS.framework in Frameworks */,
				4F8FF5842B48B6CA00599BDD /* EssentialFeed_2023.framework in Frameworks */,
			);
			runOnlyForDeploymentPostprocessing = 0;
		};
		4F8FF5622B48B33C00599BDD /* Frameworks */ = {
			isa = PBXFrameworksBuildPhase;
			buildActionMask = 2147483647;
			files = (
			);
			runOnlyForDeploymentPostprocessing = 0;
		};
/* End PBXFrameworksBuildPhase section */

/* Begin PBXGroup section */
		4F7489BB2B4B3BE2004D0E21 /* Helpers */ = {
			isa = PBXGroup;
			children = (
				B4D7FA0C2B516F8600900E2E /* UIImage+TestHelpers.swift */,
				B4D7FA0F2B516F8600900E2E /* UIRefreshControl+TestHelpers.swift */,
				B4D7FA122B516F8600900E2E /* UIButton+TestHelpers.swift */,
				B4D7FA142B516F8700900E2E /* UIControl+TestHelpers.swift */,
				B4D7FA0E2B516F8600900E2E /* FeedViewController+TestHelpers.swift */,
				B4D7FA132B516F8700900E2E /* FeedImageCell+TestHelpers.swift */,
				B4D7FA0D2B516F8600900E2E /* FeedViewControllerTests+LoaderSpy.swift */,
				B4D7FA112B516F8600900E2E /* FeedViewComtrollerTests+Assertions.swift */,
				4F7489BC2B4B3BF8004D0E21 /* XCTestCase+MemoryLeakTracking.swift */,
				4F7489BE2B4B3C71004D0E21 /* SharedTestHelpers.swift */,
				B4F2056D2B4E8B4C00C1D37E /* FeedImageDataLoaderSpy.swift */,
				B4F2056F2B4E8DDB00C1D37E /* XCTestCase+FeedImageDataLoader.swift */,
				B40CFB362B52D5FB00055DFE /* HTTPClientStub.swift */,
				B40CFB382B52D66600055DFE /* InMemoryFeedStore.swift */,
				B4606D142B56C4A0006FA124 /* UIView+TestHelpers.swift .swift */,
			);
			path = Helpers;
			sourceTree = "<group>";
		};
		4F8FF5462B48B33A00599BDD = {
			isa = PBXGroup;
			children = (
				B450B1592B4D9C2300E5A06C /* EssentialAppTests.xctestplan */,
				B450B15A2B4D9C2300E5A06C /* EssentialApp.xctestplan */,
				4F8FF5512B48B33A00599BDD /* EssentialApp */,
				4F8FF5682B48B33C00599BDD /* EssentialAppTests */,
				4F8FF5502B48B33A00599BDD /* Products */,
				4F8FF5822B48B6CA00599BDD /* Frameworks */,
			);
			sourceTree = "<group>";
		};
		4F8FF5502B48B33A00599BDD /* Products */ = {
			isa = PBXGroup;
			children = (
				4F8FF54F2B48B33A00599BDD /* EssentialApp.app */,
				4F8FF5652B48B33C00599BDD /* EssentialAppTests.xctest */,
			);
			name = Products;
			sourceTree = "<group>";
		};
		4F8FF5512B48B33A00599BDD /* EssentialApp */ = {
			isa = PBXGroup;
			children = (
				4F8FF5522B48B33A00599BDD /* AppDelegate.swift */,
				4F8FF5542B48B33A00599BDD /* SceneDelegate.swift */,
				B45189352B908CA200187A03 /* NullStore.swift */,
				B4D7FA012B516F5E00900E2E /* FeedUIComposer.swift */,
				B43ADFE82B7D24A400C8033C /* CommentsUIComposer.swift */,
				B4D7FA042B516F5E00900E2E /* WeakRefVirtualProxy.swift */,
				B4D7FA052B516F5E00900E2E /* FeedViewAdapter.swift */,
				B4D7FA002B516F5E00900E2E /* LoadResourcePresentationAdapter.swift */,
				4F8FF55B2B48B33C00599BDD /* Assets.xcassets */,
				4F8FF55D2B48B33C00599BDD /* LaunchScreen.storyboard */,
				4F8FF5602B48B33C00599BDD /* Info.plist */,
				B469C0F62B5BFE4300FE2437 /* CombineHelpers.swift */,
			);
			path = EssentialApp;
			sourceTree = "<group>";
		};
		4F8FF5682B48B33C00599BDD /* EssentialAppTests */ = {
			isa = PBXGroup;
			children = (
				4F7489BB2B4B3BE2004D0E21 /* Helpers */,
				B4D7FA202B51729700900E2E /* FeedAcceptanceTests.swift */,
				B4D7FA1E2B516FB100900E2E /* FeedUIIntegrationTests.swift */,
				B4D7F9FE2B51516D00900E2E /* SceneDelegateTests.swift */,
				B43ADFE62B7D229D00C8033C /* CommentsUIIntegrationTests.swift */,
			);
			path = EssentialAppTests;
			sourceTree = "<group>";
		};
		4F8FF5822B48B6CA00599BDD /* Frameworks */ = {
			isa = PBXGroup;
			children = (
				4F8FF5872B48B6D000599BDD /* EssentialFeed_2023iOS.framework */,
				4F8FF5832B48B6CA00599BDD /* EssentialFeed_2023.framework */,
			);
			name = Frameworks;
			sourceTree = "<group>";
		};
/* End PBXGroup section */

/* Begin PBXNativeTarget section */
		4F8FF54E2B48B33A00599BDD /* EssentialApp */ = {
			isa = PBXNativeTarget;
			buildConfigurationList = 4F8FF5792B48B33C00599BDD /* Build configuration list for PBXNativeTarget "EssentialApp" */;
			buildPhases = (
				4F8FF54B2B48B33A00599BDD /* Sources */,
				4F8FF54C2B48B33A00599BDD /* Frameworks */,
				4F8FF54D2B48B33A00599BDD /* Resources */,
				4F8FF5862B48B6CB00599BDD /* Embed Frameworks */,
			);
			buildRules = (
			);
			dependencies = (
			);
			name = EssentialApp;
			productName = EssentialApp;
			productReference = 4F8FF54F2B48B33A00599BDD /* EssentialApp.app */;
			productType = "com.apple.product-type.application";
		};
		4F8FF5642B48B33C00599BDD /* EssentialAppTests */ = {
			isa = PBXNativeTarget;
			buildConfigurationList = 4F8FF57C2B48B33C00599BDD /* Build configuration list for PBXNativeTarget "EssentialAppTests" */;
			buildPhases = (
				4F8FF5612B48B33C00599BDD /* Sources */,
				4F8FF5622B48B33C00599BDD /* Frameworks */,
				4F8FF5632B48B33C00599BDD /* Resources */,
			);
			buildRules = (
			);
			dependencies = (
				4F8FF5672B48B33C00599BDD /* PBXTargetDependency */,
			);
			name = EssentialAppTests;
			productName = EssentialAppTests;
			productReference = 4F8FF5652B48B33C00599BDD /* EssentialAppTests.xctest */;
			productType = "com.apple.product-type.bundle.unit-test";
		};
/* End PBXNativeTarget section */

/* Begin PBXProject section */
		4F8FF5472B48B33A00599BDD /* Project object */ = {
			isa = PBXProject;
			attributes = {
				BuildIndependentTargetsInParallel = 1;
				LastSwiftUpdateCheck = 1520;
				LastUpgradeCheck = 1510;
				TargetAttributes = {
					4F8FF54E2B48B33A00599BDD = {
						CreatedOnToolsVersion = 15.1;
					};
					4F8FF5642B48B33C00599BDD = {
						CreatedOnToolsVersion = 15.1;
						LastSwiftMigration = 1510;
						TestTargetID = 4F8FF54E2B48B33A00599BDD;
					};
				};
			};
			buildConfigurationList = 4F8FF54A2B48B33A00599BDD /* Build configuration list for PBXProject "EssentialApp" */;
			compatibilityVersion = "Xcode 14.0";
			developmentRegion = en;
			hasScannedForEncodings = 0;
			knownRegions = (
				en,
				Base,
			);
			mainGroup = 4F8FF5462B48B33A00599BDD;
			productRefGroup = 4F8FF5502B48B33A00599BDD /* Products */;
			projectDirPath = "";
			projectRoot = "";
			targets = (
				4F8FF54E2B48B33A00599BDD /* EssentialApp */,
				4F8FF5642B48B33C00599BDD /* EssentialAppTests */,
			);
		};
/* End PBXProject section */

/* Begin PBXResourcesBuildPhase section */
		4F8FF54D2B48B33A00599BDD /* Resources */ = {
			isa = PBXResourcesBuildPhase;
			buildActionMask = 2147483647;
			files = (
				B450B15C2B4D9C2300E5A06C /* EssentialApp.xctestplan in Resources */,
				B450B15B2B4D9C2300E5A06C /* EssentialAppTests.xctestplan in Resources */,
				4F8FF55F2B48B33C00599BDD /* LaunchScreen.storyboard in Resources */,
				4F8FF55C2B48B33C00599BDD /* Assets.xcassets in Resources */,
			);
			runOnlyForDeploymentPostprocessing = 0;
		};
		4F8FF5632B48B33C00599BDD /* Resources */ = {
			isa = PBXResourcesBuildPhase;
			buildActionMask = 2147483647;
			files = (
			);
			runOnlyForDeploymentPostprocessing = 0;
		};
/* End PBXResourcesBuildPhase section */

/* Begin PBXSourcesBuildPhase section */
		4F8FF54B2B48B33A00599BDD /* Sources */ = {
			isa = PBXSourcesBuildPhase;
			buildActionMask = 2147483647;
			files = (
				B4D7FA082B516F5E00900E2E /* LoadResourcePresentationAdapter.swift in Sources */,
				B4D7FA072B516F5E00900E2E /* WeakRefVirtualProxy.swift in Sources */,
				4F8FF5532B48B33A00599BDD /* AppDelegate.swift in Sources */,
				B45189362B908CA200187A03 /* NullStore.swift in Sources */,
				4F8FF5552B48B33A00599BDD /* SceneDelegate.swift in Sources */,
				B4D7FA0A2B516F5E00900E2E /* FeedViewAdapter.swift in Sources */,
				B4D7FA0B2B516F5E00900E2E /* FeedUIComposer.swift in Sources */,
				B469C0F72B5BFE4300FE2437 /* CombineHelpers.swift in Sources */,
				B43ADFE92B7D24A400C8033C /* CommentsUIComposer.swift in Sources */,
			);
			runOnlyForDeploymentPostprocessing = 0;
		};
		4F8FF5612B48B33C00599BDD /* Sources */ = {
			isa = PBXSourcesBuildPhase;
			buildActionMask = 2147483647;
			files = (
				B43ADFE72B7D229D00C8033C /* CommentsUIIntegrationTests.swift in Sources */,
				4F7489BF2B4B3C71004D0E21 /* SharedTestHelpers.swift in Sources */,
				B4D7FA1C2B516F8700900E2E /* UIButton+TestHelpers.swift in Sources */,
				B4D7FA162B516F8700900E2E /* UIControl+TestHelpers.swift in Sources */,
				B4D7FA1B2B516F8700900E2E /* FeedViewController+TestHelpers.swift in Sources */,
				B4F205702B4E8DDC00C1D37E /* XCTestCase+FeedImageDataLoader.swift in Sources */,
				B4D7FA1F2B516FB100900E2E /* FeedUIIntegrationTests.swift in Sources */,
				B4D7F9FF2B51516D00900E2E /* SceneDelegateTests.swift in Sources */,
				B40CFB392B52D66600055DFE /* InMemoryFeedStore.swift in Sources */,
				B4D7FA182B516F8700900E2E /* FeedViewControllerTests+LoaderSpy.swift in Sources */,
				B4F2056E2B4E8B4C00C1D37E /* FeedImageDataLoaderSpy.swift in Sources */,
				B4D7FA1A2B516F8700900E2E /* UIImage+TestHelpers.swift in Sources */,
				B4606D152B56C4A0006FA124 /* UIView+TestHelpers.swift .swift in Sources */,
				B4D7FA152B516F8700900E2E /* FeedImageCell+TestHelpers.swift in Sources */,
				B40CFB372B52D5FB00055DFE /* HTTPClientStub.swift in Sources */,
				B4D7FA172B516F8700900E2E /* UIRefreshControl+TestHelpers.swift in Sources */,
				B4D7FA212B51729700900E2E /* FeedAcceptanceTests.swift in Sources */,
				B4D7FA192B516F8700900E2E /* FeedViewComtrollerTests+Assertions.swift in Sources */,
				4F7489BD2B4B3BF8004D0E21 /* XCTestCase+MemoryLeakTracking.swift in Sources */,
			);
			runOnlyForDeploymentPostprocessing = 0;
		};
/* End PBXSourcesBuildPhase section */

/* Begin PBXTargetDependency section */
		4F8FF5672B48B33C00599BDD /* PBXTargetDependency */ = {
			isa = PBXTargetDependency;
			target = 4F8FF54E2B48B33A00599BDD /* EssentialApp */;
			targetProxy = 4F8FF5662B48B33C00599BDD /* PBXContainerItemProxy */;
		};
/* End PBXTargetDependency section */

/* Begin PBXVariantGroup section */
		4F8FF55D2B48B33C00599BDD /* LaunchScreen.storyboard */ = {
			isa = PBXVariantGroup;
			children = (
				4F8FF55E2B48B33C00599BDD /* Base */,
			);
			name = LaunchScreen.storyboard;
			sourceTree = "<group>";
		};
/* End PBXVariantGroup section */

/* Begin XCBuildConfiguration section */
		4F8FF5772B48B33C00599BDD /* Debug */ = {
			isa = XCBuildConfiguration;
			buildSettings = {
				ALWAYS_SEARCH_USER_PATHS = NO;
				ASSETCATALOG_COMPILER_GENERATE_SWIFT_ASSET_SYMBOL_EXTENSIONS = YES;
				CLANG_ANALYZER_NONNULL = YES;
				CLANG_ANALYZER_NUMBER_OBJECT_CONVERSION = YES_AGGRESSIVE;
				CLANG_CXX_LANGUAGE_STANDARD = "gnu++20";
				CLANG_ENABLE_MODULES = YES;
				CLANG_ENABLE_OBJC_ARC = YES;
				CLANG_ENABLE_OBJC_WEAK = YES;
				CLANG_WARN_BLOCK_CAPTURE_AUTORELEASING = YES;
				CLANG_WARN_BOOL_CONVERSION = YES;
				CLANG_WARN_COMMA = YES;
				CLANG_WARN_CONSTANT_CONVERSION = YES;
				CLANG_WARN_DEPRECATED_OBJC_IMPLEMENTATIONS = YES;
				CLANG_WARN_DIRECT_OBJC_ISA_USAGE = YES_ERROR;
				CLANG_WARN_DOCUMENTATION_COMMENTS = YES;
				CLANG_WARN_EMPTY_BODY = YES;
				CLANG_WARN_ENUM_CONVERSION = YES;
				CLANG_WARN_INFINITE_RECURSION = YES;
				CLANG_WARN_INT_CONVERSION = YES;
				CLANG_WARN_NON_LITERAL_NULL_CONVERSION = YES;
				CLANG_WARN_OBJC_IMPLICIT_RETAIN_SELF = YES;
				CLANG_WARN_OBJC_LITERAL_CONVERSION = YES;
				CLANG_WARN_OBJC_ROOT_CLASS = YES_ERROR;
				CLANG_WARN_QUOTED_INCLUDE_IN_FRAMEWORK_HEADER = YES;
				CLANG_WARN_RANGE_LOOP_ANALYSIS = YES;
				CLANG_WARN_STRICT_PROTOTYPES = YES;
				CLANG_WARN_SUSPICIOUS_MOVE = YES;
				CLANG_WARN_UNGUARDED_AVAILABILITY = YES_AGGRESSIVE;
				CLANG_WARN_UNREACHABLE_CODE = YES;
				CLANG_WARN__DUPLICATE_METHOD_MATCH = YES;
				COPY_PHASE_STRIP = NO;
				DEBUG_INFORMATION_FORMAT = dwarf;
				ENABLE_STRICT_OBJC_MSGSEND = YES;
				ENABLE_TESTABILITY = YES;
				ENABLE_USER_SCRIPT_SANDBOXING = YES;
				GCC_C_LANGUAGE_STANDARD = gnu17;
				GCC_DYNAMIC_NO_PIC = NO;
				GCC_NO_COMMON_BLOCKS = YES;
				GCC_OPTIMIZATION_LEVEL = 0;
				GCC_PREPROCESSOR_DEFINITIONS = (
					"DEBUG=1",
					"$(inherited)",
				);
				GCC_WARN_64_TO_32_BIT_CONVERSION = YES;
				GCC_WARN_ABOUT_RETURN_TYPE = YES_ERROR;
				GCC_WARN_UNDECLARED_SELECTOR = YES;
				GCC_WARN_UNINITIALIZED_AUTOS = YES_AGGRESSIVE;
				GCC_WARN_UNUSED_FUNCTION = YES;
				GCC_WARN_UNUSED_VARIABLE = YES;
				IPHONEOS_DEPLOYMENT_TARGET = 17.2;
				LOCALIZATION_PREFERS_STRING_CATALOGS = YES;
				MTL_ENABLE_DEBUG_INFO = INCLUDE_SOURCE;
				MTL_FAST_MATH = YES;
				ONLY_ACTIVE_ARCH = YES;
				SDKROOT = iphoneos;
				SWIFT_ACTIVE_COMPILATION_CONDITIONS = "DEBUG $(inherited)";
				SWIFT_OPTIMIZATION_LEVEL = "-Onone";
			};
			name = Debug;
		};
		4F8FF5782B48B33C00599BDD /* Release */ = {
			isa = XCBuildConfiguration;
			buildSettings = {
				ALWAYS_SEARCH_USER_PATHS = NO;
				ASSETCATALOG_COMPILER_GENERATE_SWIFT_ASSET_SYMBOL_EXTENSIONS = YES;
				CLANG_ANALYZER_NONNULL = YES;
				CLANG_ANALYZER_NUMBER_OBJECT_CONVERSION = YES_AGGRESSIVE;
				CLANG_CXX_LANGUAGE_STANDARD = "gnu++20";
				CLANG_ENABLE_MODULES = YES;
				CLANG_ENABLE_OBJC_ARC = YES;
				CLANG_ENABLE_OBJC_WEAK = YES;
				CLANG_WARN_BLOCK_CAPTURE_AUTORELEASING = YES;
				CLANG_WARN_BOOL_CONVERSION = YES;
				CLANG_WARN_COMMA = YES;
				CLANG_WARN_CONSTANT_CONVERSION = YES;
				CLANG_WARN_DEPRECATED_OBJC_IMPLEMENTATIONS = YES;
				CLANG_WARN_DIRECT_OBJC_ISA_USAGE = YES_ERROR;
				CLANG_WARN_DOCUMENTATION_COMMENTS = YES;
				CLANG_WARN_EMPTY_BODY = YES;
				CLANG_WARN_ENUM_CONVERSION = YES;
				CLANG_WARN_INFINITE_RECURSION = YES;
				CLANG_WARN_INT_CONVERSION = YES;
				CLANG_WARN_NON_LITERAL_NULL_CONVERSION = YES;
				CLANG_WARN_OBJC_IMPLICIT_RETAIN_SELF = YES;
				CLANG_WARN_OBJC_LITERAL_CONVERSION = YES;
				CLANG_WARN_OBJC_ROOT_CLASS = YES_ERROR;
				CLANG_WARN_QUOTED_INCLUDE_IN_FRAMEWORK_HEADER = YES;
				CLANG_WARN_RANGE_LOOP_ANALYSIS = YES;
				CLANG_WARN_STRICT_PROTOTYPES = YES;
				CLANG_WARN_SUSPICIOUS_MOVE = YES;
				CLANG_WARN_UNGUARDED_AVAILABILITY = YES_AGGRESSIVE;
				CLANG_WARN_UNREACHABLE_CODE = YES;
				CLANG_WARN__DUPLICATE_METHOD_MATCH = YES;
				COPY_PHASE_STRIP = NO;
				DEBUG_INFORMATION_FORMAT = "dwarf-with-dsym";
				ENABLE_NS_ASSERTIONS = NO;
				ENABLE_STRICT_OBJC_MSGSEND = YES;
				ENABLE_USER_SCRIPT_SANDBOXING = YES;
				GCC_C_LANGUAGE_STANDARD = gnu17;
				GCC_NO_COMMON_BLOCKS = YES;
				GCC_WARN_64_TO_32_BIT_CONVERSION = YES;
				GCC_WARN_ABOUT_RETURN_TYPE = YES_ERROR;
				GCC_WARN_UNDECLARED_SELECTOR = YES;
				GCC_WARN_UNINITIALIZED_AUTOS = YES_AGGRESSIVE;
				GCC_WARN_UNUSED_FUNCTION = YES;
				GCC_WARN_UNUSED_VARIABLE = YES;
				IPHONEOS_DEPLOYMENT_TARGET = 17.2;
				LOCALIZATION_PREFERS_STRING_CATALOGS = YES;
				MTL_ENABLE_DEBUG_INFO = NO;
				MTL_FAST_MATH = YES;
				SDKROOT = iphoneos;
				SWIFT_COMPILATION_MODE = wholemodule;
				VALIDATE_PRODUCT = YES;
			};
			name = Release;
		};
		4F8FF57A2B48B33C00599BDD /* Debug */ = {
			isa = XCBuildConfiguration;
			buildSettings = {
				ASSETCATALOG_COMPILER_APPICON_NAME = AppIcon;
				ASSETCATALOG_COMPILER_GLOBAL_ACCENT_COLOR_NAME = AccentColor;
				CODE_SIGN_STYLE = Automatic;
				CURRENT_PROJECT_VERSION = 1;
				DEVELOPMENT_TEAM = 5YJ9NPM7MQ;
				GENERATE_INFOPLIST_FILE = YES;
				INFOPLIST_FILE = EssentialApp/Info.plist;
				INFOPLIST_KEY_UIApplicationSupportsIndirectInputEvents = YES;
				INFOPLIST_KEY_UILaunchStoryboardName = LaunchScreen;
				INFOPLIST_KEY_UISupportedInterfaceOrientations = UIInterfaceOrientationPortrait;
				IPHONEOS_DEPLOYMENT_TARGET = 17.2;
				LD_RUNPATH_SEARCH_PATHS = (
					"$(inherited)",
					"@executable_path/Frameworks",
				);
				MARKETING_VERSION = 1.0;
				PRODUCT_BUNDLE_IDENTIFIER = com.fenominall.EssentialApp;
				PRODUCT_NAME = "$(TARGET_NAME)";
				SWIFT_EMIT_LOC_STRINGS = YES;
				SWIFT_VERSION = 5.0;
				TARGETED_DEVICE_FAMILY = "1,2";
			};
			name = Debug;
		};
		4F8FF57B2B48B33C00599BDD /* Release */ = {
			isa = XCBuildConfiguration;
			buildSettings = {
				ASSETCATALOG_COMPILER_APPICON_NAME = AppIcon;
				ASSETCATALOG_COMPILER_GLOBAL_ACCENT_COLOR_NAME = AccentColor;
				CODE_SIGN_STYLE = Automatic;
				CURRENT_PROJECT_VERSION = 1;
				DEVELOPMENT_TEAM = 5YJ9NPM7MQ;
				GENERATE_INFOPLIST_FILE = YES;
				INFOPLIST_FILE = EssentialApp/Info.plist;
				INFOPLIST_KEY_UIApplicationSupportsIndirectInputEvents = YES;
				INFOPLIST_KEY_UILaunchStoryboardName = LaunchScreen;
				INFOPLIST_KEY_UISupportedInterfaceOrientations = UIInterfaceOrientationPortrait;
				IPHONEOS_DEPLOYMENT_TARGET = 17.2;
				LD_RUNPATH_SEARCH_PATHS = (
					"$(inherited)",
					"@executable_path/Frameworks",
				);
				MARKETING_VERSION = 1.0;
				PRODUCT_BUNDLE_IDENTIFIER = com.fenominall.EssentialApp;
				PRODUCT_NAME = "$(TARGET_NAME)";
				SWIFT_EMIT_LOC_STRINGS = YES;
				SWIFT_VERSION = 5.0;
				TARGETED_DEVICE_FAMILY = "1,2";
			};
			name = Release;
		};
		4F8FF57D2B48B33C00599BDD /* Debug */ = {
			isa = XCBuildConfiguration;
			buildSettings = {
				ALWAYS_EMBED_SWIFT_STANDARD_LIBRARIES = YES;
				BUNDLE_LOADER = "$(TEST_HOST)";
				CLANG_ENABLE_MODULES = YES;
				CODE_SIGN_STYLE = Automatic;
				CURRENT_PROJECT_VERSION = 1;
				DEVELOPMENT_TEAM = 5YJ9NPM7MQ;
				GENERATE_INFOPLIST_FILE = YES;
				IPHONEOS_DEPLOYMENT_TARGET = 17.2;
				MARKETING_VERSION = 1.0;
				PRODUCT_BUNDLE_IDENTIFIER = com.fenominall.EssentialAppTests;
				PRODUCT_NAME = "$(TARGET_NAME)";
				SWIFT_EMIT_LOC_STRINGS = NO;
				SWIFT_OPTIMIZATION_LEVEL = "-Onone";
				SWIFT_VERSION = 5.0;
				TARGETED_DEVICE_FAMILY = "1,2";
				TEST_HOST = "$(BUILT_PRODUCTS_DIR)/EssentialApp.app/$(BUNDLE_EXECUTABLE_FOLDER_PATH)/EssentialApp";
			};
			name = Debug;
		};
		4F8FF57E2B48B33C00599BDD /* Release */ = {
			isa = XCBuildConfiguration;
			buildSettings = {
				ALWAYS_EMBED_SWIFT_STANDARD_LIBRARIES = YES;
				BUNDLE_LOADER = "$(TEST_HOST)";
				CLANG_ENABLE_MODULES = YES;
				CODE_SIGN_STYLE = Automatic;
				CURRENT_PROJECT_VERSION = 1;
				DEVELOPMENT_TEAM = 5YJ9NPM7MQ;
				GENERATE_INFOPLIST_FILE = YES;
				IPHONEOS_DEPLOYMENT_TARGET = 17.2;
				MARKETING_VERSION = 1.0;
				PRODUCT_BUNDLE_IDENTIFIER = com.fenominall.EssentialAppTests;
				PRODUCT_NAME = "$(TARGET_NAME)";
				SWIFT_EMIT_LOC_STRINGS = NO;
				SWIFT_VERSION = 5.0;
				TARGETED_DEVICE_FAMILY = "1,2";
				TEST_HOST = "$(BUILT_PRODUCTS_DIR)/EssentialApp.app/$(BUNDLE_EXECUTABLE_FOLDER_PATH)/EssentialApp";
			};
			name = Release;
		};
/* End XCBuildConfiguration section */

/* Begin XCConfigurationList section */
		4F8FF54A2B48B33A00599BDD /* Build configuration list for PBXProject "EssentialApp" */ = {
			isa = XCConfigurationList;
			buildConfigurations = (
				4F8FF5772B48B33C00599BDD /* Debug */,
				4F8FF5782B48B33C00599BDD /* Release */,
			);
			defaultConfigurationIsVisible = 0;
			defaultConfigurationName = Release;
		};
		4F8FF5792B48B33C00599BDD /* Build configuration list for PBXNativeTarget "EssentialApp" */ = {
			isa = XCConfigurationList;
			buildConfigurations = (
				4F8FF57A2B48B33C00599BDD /* Debug */,
				4F8FF57B2B48B33C00599BDD /* Release */,
			);
			defaultConfigurationIsVisible = 0;
			defaultConfigurationName = Release;
		};
		4F8FF57C2B48B33C00599BDD /* Build configuration list for PBXNativeTarget "EssentialAppTests" */ = {
			isa = XCConfigurationList;
			buildConfigurations = (
				4F8FF57D2B48B33C00599BDD /* Debug */,
				4F8FF57E2B48B33C00599BDD /* Release */,
			);
			defaultConfigurationIsVisible = 0;
			defaultConfigurationName = Release;
		};
/* End XCConfigurationList section */
	};
	rootObject = 4F8FF5472B48B33A00599BDD /* Project object */;
}
